
Microsoft Visual Studio Solution File, Format Version 12.00
# Visual Studio Version 17
VisualStudioVersion = 17.11.35312.102
MinimumVisualStudioVersion = 10.0.40219.1
Project("{9A19103F-16F7-4668-BE54-9A1E7A4F7556}") = "Factory", "Factory\Factory.csproj", "{81042B4E-E017-416C-8740-4DE4621E9CE4}"
EndProject
Project("{2150E333-8FDC-42A3-9474-1A3956D46DE8}") = "1_Creational", "1_Creational", "{845863D4-41A9-41B0-A09E-FCD44083CC00}"
EndProject
Project("{2150E333-8FDC-42A3-9474-1A3956D46DE8}") = "2_Structural", "2_Structural", "{A2F27CFE-8A1B-4C2D-A102-C4F7577383B9}"
EndProject
Project("{2150E333-8FDC-42A3-9474-1A3956D46DE8}") = "3_Behavioural", "3_Behavioural", "{A0A61AA9-1337-4309-834E-3435C07C6B48}"
EndProject
Project("{FAE04EC0-301F-11D3-BF4B-00C04F79EFBC}") = "AbstractFactoryPattern", "AbstractFactoryPattern\AbstractFactoryPattern.csproj", "{C7882C08-4E92-4EC0-8508-DE130E0B9FA3}"
EndProject
Project("{FAE04EC0-301F-11D3-BF4B-00C04F79EFBC}") = "BuilderPattern", "BuilderPattern\BuilderPattern.csproj", "{94080703-2703-4B6B-98C5-52EE5A94B77A}"
EndProject
Project("{FAE04EC0-301F-11D3-BF4B-00C04F79EFBC}") = "PrototypePattern", "PrototypePattern\PrototypePattern.csproj", "{13D7A982-C9D9-4F07-8466-B490FCBA6463}"
EndProject
Project("{FAE04EC0-301F-11D3-BF4B-00C04F79EFBC}") = "SingletonPattern", "SingletonPattern\SingletonPattern.csproj", "{F0CD9BAC-3415-4279-920B-1E1AAD98E045}"
EndProject
Global
	GlobalSection(SolutionConfigurationPlatforms) = preSolution
		Debug|Any CPU = Debug|Any CPU
		Release|Any CPU = Release|Any CPU
	EndGlobalSection
	GlobalSection(ProjectConfigurationPlatforms) = postSolution
		{81042B4E-E017-416C-8740-4DE4621E9CE4}.Debug|Any CPU.ActiveCfg = Debug|Any CPU
		{81042B4E-E017-416C-8740-4DE4621E9CE4}.Debug|Any CPU.Build.0 = Debug|Any CPU
		{81042B4E-E017-416C-8740-4DE4621E9CE4}.Release|Any CPU.ActiveCfg = Release|Any CPU
		{81042B4E-E017-416C-8740-4DE4621E9CE4}.Release|Any CPU.Build.0 = Release|Any CPU
		{C7882C08-4E92-4EC0-8508-DE130E0B9FA3}.Debug|Any CPU.ActiveCfg = Debug|Any CPU
		{C7882C08-4E92-4EC0-8508-DE130E0B9FA3}.Debug|Any CPU.Build.0 = Debug|Any CPU
		{C7882C08-4E92-4EC0-8508-DE130E0B9FA3}.Release|Any CPU.ActiveCfg = Release|Any CPU
		{C7882C08-4E92-4EC0-8508-DE130E0B9FA3}.Release|Any CPU.Build.0 = Release|Any CPU
		{94080703-2703-4B6B-98C5-52EE5A94B77A}.Debug|Any CPU.ActiveCfg = Debug|Any CPU
		{94080703-2703-4B6B-98C5-52EE5A94B77A}.Debug|Any CPU.Build.0 = Debug|Any CPU
		{94080703-2703-4B6B-98C5-52EE5A94B77A}.Release|Any CPU.ActiveCfg = Release|Any CPU
		{94080703-2703-4B6B-98C5-52EE5A94B77A}.Release|Any CPU.Build.0 = Release|Any CPU
		{13D7A982-C9D9-4F07-8466-B490FCBA6463}.Debug|Any CPU.ActiveCfg = Debug|Any CPU
		{13D7A982-C9D9-4F07-8466-B490FCBA6463}.Debug|Any CPU.Build.0 = Debug|Any CPU
		{13D7A982-C9D9-4F07-8466-B490FCBA6463}.Release|Any CPU.ActiveCfg = Release|Any CPU
		{13D7A982-C9D9-4F07-8466-B490FCBA6463}.Release|Any CPU.Build.0 = Release|Any CPU
		{F0CD9BAC-3415-4279-920B-1E1AAD98E045}.Debug|Any CPU.ActiveCfg = Debug|Any CPU
		{F0CD9BAC-3415-4279-920B-1E1AAD98E045}.Debug|Any CPU.Build.0 = Debug|Any CPU
		{F0CD9BAC-3415-4279-920B-1E1AAD98E045}.Release|Any CPU.ActiveCfg = Release|Any CPU
		{F0CD9BAC-3415-4279-920B-1E1AAD98E045}.Release|Any CPU.Build.0 = Release|Any CPU
	EndGlobalSection
	GlobalSection(SolutionProperties) = preSolution
		HideSolutionNode = FALSE
	EndGlobalSection
	GlobalSection(NestedProjects) = preSolution
		{81042B4E-E017-416C-8740-4DE4621E9CE4} = {845863D4-41A9-41B0-A09E-FCD44083CC00}
		{C7882C08-4E92-4EC0-8508-DE130E0B9FA3} = {845863D4-41A9-41B0-A09E-FCD44083CC00}
		{94080703-2703-4B6B-98C5-52EE5A94B77A} = {845863D4-41A9-41B0-A09E-FCD44083CC00}
		{13D7A982-C9D9-4F07-8466-B490FCBA6463} = {845863D4-41A9-41B0-A09E-FCD44083CC00}
		{F0CD9BAC-3415-4279-920B-1E1AAD98E045} = {845863D4-41A9-41B0-A09E-FCD44083CC00}
	EndGlobalSection
	GlobalSection(ExtensibilityGlobals) = postSolution
		SolutionGuid = {0B4E2659-3756-4173-9985-FF9F5100378B}
	EndGlobalSection
EndGlobal
